NeoBundleLock ag.vim 4a0dd6e190f446e5a016b44fdaa2feafc582918e
NeoBundleLock argumentrewrap e2f1e27a762a112fbf9cb363dcae60595c9f7088
NeoBundleLock auto-pairs f7e24002b922d6adfb5489b825ab31d03e2b5d8c
NeoBundleLock ctrlp.vim bde7a2950adaa82e894d7bdf69e3e7383e40d229
NeoBundleLock gist-vim f0d63579eab7548cf12f979dc52ef5a370ecbe63
NeoBundleLock hardmode 110513dc9eb3ab5408d242a4b4b7674eadc90828
NeoBundleLock html5.vim a7a17c3496dfc128b7d974cb264457a8b8fd198d
NeoBundleLock neobundle.vim 26d03781886ed887e390d4ad8b935987754b1c2c
NeoBundleLock neosnippet-snippets 8dbb78599984140c50418d3dd23d0de4c8f13e74
NeoBundleLock neosnippet.vim 6b07ad48795c1dba0d7b5a70794e6cbf590a6fa1
NeoBundleLock nerdtree 57788abd6fab6ec928b29a5619b8c0b1f686047e
NeoBundleLock php-getter-setter.vim e4eea8b3297ee9361d81475d5711af59a85cbdf9
NeoBundleLock phpcomplete.vim 2c98f348d1192ec7793d93200ec7981fa0dd07fa
NeoBundleLock syntastic 88dd65673a8dc37a3533f1a20643b8ac00311770
NeoBundleLock tabular 00e1e7fcdbc6d753e0bc8043e0d2546fa81bf367
NeoBundleLock tcomment_vim 6f1f24840be163e85d610837567221639e268ddc
NeoBundleLock ultisnips 423f264e753cec260b4f14455126e6db7ba429af
NeoBundleLock vdebug 4c6a7caa10e32841dba86ba16acee30781388fdd
NeoBundleLock vim-airline bc985301dba497c4c91e237139448d46d552b053
NeoBundleLock vim-airline-themes d53d70b1fd39e221000296c783b6d1b7b98e86ac
NeoBundleLock vim-blade 1c3eecdf0e9e0d7cf3be9d7b998d455a7ab0ac3e
NeoBundleLock vim-colorschemes eab315701f4627967fd62582eefc4e37a3745786
NeoBundleLock vim-commaobject 0cb36de11bb12b5c8d92abb6d400dbb581b8f093
NeoBundleLock vim-composer dfccc7fb97ddd63fd54c743f51d74f85ce9a6bbe
NeoBundleLock vim-dispatch c5b1bbe1662d76c0aa9f6d325c3fb1b8db62ba02
NeoBundleLock vim-easymotion 342549e7a1e5b07a030803e0e4b6f0415aa51275
NeoBundleLock vim-fugitive f3ccb0c12ee4985b8808f83059830a24cc92821c
NeoBundleLock vim-gitgutter 1e60667322b7cd1bfcba98762fbba746a888d21a
NeoBundleLock vim-laravel 485775050b620769dc281b382c49c434c871edb6
NeoBundleLock vim-markdown f416b35dba4505f85dca9cafb984ab7d89e57f96
NeoBundleLock vim-projectionist 45ee461393045bace391e8f196cc87141754b196
NeoBundleLock vim-repeat 070ee903245999b2b79f7386631ffd29ce9b8e9f
NeoBundleLock vim-signature eaa8af20ac4d46f911a083298d7a19e27be180e0
NeoBundleLock vim-snippets 7958f22f6b3971f38f04508459b63db1788eb1c7
NeoBundleLock vim-sparkup 48faba316d42cf61ca99ec8f426f68ba316cf485
NeoBundleLock vim-surround e49d6c2459e0f5569ff2d533b4df995dd7f98313
NeoBundleLock vimshell 3787e52766812d8b99a93ccdda57517bc2a0bab6
